
Microsoft Visual Studio Solution File, Format Version 12.00
# Visual Studio Version 16
VisualStudioVersion = 16.0.30523.141
MinimumVisualStudioVersion = 10.0.40219.1
Project("{FAE04EC0-301F-11D3-BF4B-00C04F79EFBC}") = "Julia_Web_Shop_Core", "Julia_Web_Shop_Core\Julia_Web_Shop_Core.csproj", "{71E81A21-5398-40FC-BA8C-99766AEC2AB9}"
EndProject
Global
	GlobalSection(SolutionConfigurationPlatforms) = preSolution
		Debug|Any CPU = Debug|Any CPU
		Release|Any CPU = Release|Any CPU
	EndGlobalSection
	GlobalSection(ProjectConfigurationPlatforms) = postSolution
		{71E81A21-5398-40FC-BA8C-99766AEC2AB9}.Debug|Any CPU.ActiveCfg = Debug|Any CPU
		{71E81A21-5398-40FC-BA8C-99766AEC2AB9}.Debug|Any CPU.Build.0 = Debug|Any CPU
		{71E81A21-5398-40FC-BA8C-99766AEC2AB9}.Release|Any CPU.ActiveCfg = Release|Any CPU
		{71E81A21-5398-40FC-BA8C-99766AEC2AB9}.Release|Any CPU.Build.0 = Release|Any CPU
	EndGlobalSection
	GlobalSection(SolutionProperties) = preSolution
		HideSolutionNode = FALSE
	EndGlobalSection
	GlobalSection(ExtensibilityGlobals) = postSolution
		SolutionGuid = {762036F4-22A9-43D6-AFC8-04BFA039ACF5}
	EndGlobalSection
EndGlobal
